
Microsoft Visual Studio Solution File, Format Version 12.00
# Visual Studio Version 16
VisualStudioVersion = 16.0.32106.194
MinimumVisualStudioVersion = 10.0.40219.1
Project("{9A19103F-16F7-4668-BE54-9A1E7A4F7556}") = "PokerFace", "PokerFace\PokerFace.csproj", "{02A3EA24-B093-44BD-9A7B-BF14305DECF5}"
EndProject
Project("{2150E333-8FDC-42A3-9474-1A3956D46DE8}") = "Tests", "Tests", "{E279712B-685E-4ADB-9429-2B1A6FDB595F}"
EndProject
Project("{FAE04EC0-301F-11D3-BF4B-00C04F79EFBC}") = "PokerFace.Tests.Unit", "PokerFace.Tests.Unit\PokerFace.Tests.Unit.csproj", "{03EE8985-AE72-4B36-8626-EAFC64FE8A34}"
EndProject
Global
	GlobalSection(SolutionConfigurationPlatforms) = preSolution
		Debug|Any CPU = Debug|Any CPU
		Release|Any CPU = Release|Any CPU
	EndGlobalSection
	GlobalSection(ProjectConfigurationPlatforms) = postSolution
		{02A3EA24-B093-44BD-9A7B-BF14305DECF5}.Debug|Any CPU.ActiveCfg = Debug|Any CPU
		{02A3EA24-B093-44BD-9A7B-BF14305DECF5}.Debug|Any CPU.Build.0 = Debug|Any CPU
		{02A3EA24-B093-44BD-9A7B-BF14305DECF5}.Release|Any CPU.ActiveCfg = Release|Any CPU
		{02A3EA24-B093-44BD-9A7B-BF14305DECF5}.Release|Any CPU.Build.0 = Release|Any CPU
		{03EE8985-AE72-4B36-8626-EAFC64FE8A34}.Debug|Any CPU.ActiveCfg = Debug|Any CPU
		{03EE8985-AE72-4B36-8626-EAFC64FE8A34}.Debug|Any CPU.Build.0 = Debug|Any CPU
		{03EE8985-AE72-4B36-8626-EAFC64FE8A34}.Release|Any CPU.ActiveCfg = Release|Any CPU
		{03EE8985-AE72-4B36-8626-EAFC64FE8A34}.Release|Any CPU.Build.0 = Release|Any CPU
	EndGlobalSection
	GlobalSection(SolutionProperties) = preSolution
		HideSolutionNode = FALSE
	EndGlobalSection
	GlobalSection(NestedProjects) = preSolution
		{03EE8985-AE72-4B36-8626-EAFC64FE8A34} = {E279712B-685E-4ADB-9429-2B1A6FDB595F}
	EndGlobalSection
	GlobalSection(ExtensibilityGlobals) = postSolution
		SolutionGuid = {EC5B10B0-963D-4202-AF3D-69AB347C47BA}
	EndGlobalSection
EndGlobal
